
Microsoft Visual Studio Solution File, Format Version 12.00
# Visual Studio Version 16
VisualStudioVersion = 16.0.29215.179
MinimumVisualStudioVersion = 10.0.40219.1
Project("{FAE04EC0-301F-11D3-BF4B-00C04F79EFBC}") = "BTTH1.Android", "BTTH1\BTTH1.Android\BTTH1.Android.csproj", "{014FF30E-4379-4628-B898-13C1BFB898DA}"
EndProject
Project("{FAE04EC0-301F-11D3-BF4B-00C04F79EFBC}") = "BTTH1.iOS", "BTTH1\BTTH1.iOS\BTTH1.iOS.csproj", "{7D4B201B-CC29-4C9F-9F15-AA185D1D4AA8}"
EndProject
Project("{FAE04EC0-301F-11D3-BF4B-00C04F79EFBC}") = "BTTH1", "BTTH1\BTTH1\BTTH1.csproj", "{EFA031BA-E1AB-4589-9B56-40B4DB2A8E21}"
EndProject
Global
	GlobalSection(SolutionConfigurationPlatforms) = preSolution
		Debug|Any CPU = Debug|Any CPU
		Debug|iPhone = Debug|iPhone
		Debug|iPhoneSimulator = Debug|iPhoneSimulator
		Release|Any CPU = Release|Any CPU
		Release|iPhone = Release|iPhone
		Release|iPhoneSimulator = Release|iPhoneSimulator
	EndGlobalSection
	GlobalSection(ProjectConfigurationPlatforms) = postSolution
		{014FF30E-4379-4628-B898-13C1BFB898DA}.Debug|Any CPU.ActiveCfg = Debug|Any CPU
		{014FF30E-4379-4628-B898-13C1BFB898DA}.Debug|Any CPU.Build.0 = Debug|Any CPU
		{014FF30E-4379-4628-B898-13C1BFB898DA}.Debug|Any CPU.Deploy.0 = Debug|Any CPU
		{014FF30E-4379-4628-B898-13C1BFB898DA}.Debug|iPhone.ActiveCfg = Debug|Any CPU
		{014FF30E-4379-4628-B898-13C1BFB898DA}.Debug|iPhone.Build.0 = Debug|Any CPU
		{014FF30E-4379-4628-B898-13C1BFB898DA}.Debug|iPhone.Deploy.0 = Debug|Any CPU
		{014FF30E-4379-4628-B898-13C1BFB898DA}.Debug|iPhoneSimulator.ActiveCfg = Debug|Any CPU
		{014FF30E-4379-4628-B898-13C1BFB898DA}.Debug|iPhoneSimulator.Build.0 = Debug|Any CPU
		{014FF30E-4379-4628-B898-13C1BFB898DA}.Debug|iPhoneSimulator.Deploy.0 = Debug|Any CPU
		{014FF30E-4379-4628-B898-13C1BFB898DA}.Release|Any CPU.ActiveCfg = Release|Any CPU
		{014FF30E-4379-4628-B898-13C1BFB898DA}.Release|Any CPU.Build.0 = Release|Any CPU
		{014FF30E-4379-4628-B898-13C1BFB898DA}.Release|Any CPU.Deploy.0 = Release|Any CPU
		{014FF30E-4379-4628-B898-13C1BFB898DA}.Release|iPhone.ActiveCfg = Release|Any CPU
		{014FF30E-4379-4628-B898-13C1BFB898DA}.Release|iPhone.Build.0 = Release|Any CPU
		{014FF30E-4379-4628-B898-13C1BFB898DA}.Release|iPhone.Deploy.0 = Release|Any CPU
		{014FF30E-4379-4628-B898-13C1BFB898DA}.Release|iPhoneSimulator.ActiveCfg = Release|Any CPU
		{014FF30E-4379-4628-B898-13C1BFB898DA}.Release|iPhoneSimulator.Build.0 = Release|Any CPU
		{014FF30E-4379-4628-B898-13C1BFB898DA}.Release|iPhoneSimulator.Deploy.0 = Release|Any CPU
		{7D4B201B-CC29-4C9F-9F15-AA185D1D4AA8}.Debug|Any CPU.ActiveCfg = Debug|iPhoneSimulator
		{7D4B201B-CC29-4C9F-9F15-AA185D1D4AA8}.Debug|Any CPU.Build.0 = Debug|iPhoneSimulator
		{7D4B201B-CC29-4C9F-9F15-AA185D1D4AA8}.Debug|Any CPU.Deploy.0 = Debug|iPhoneSimulator
		{7D4B201B-CC29-4C9F-9F15-AA185D1D4AA8}.Debug|iPhone.ActiveCfg = Debug|iPhone
		{7D4B201B-CC29-4C9F-9F15-AA185D1D4AA8}.Debug|iPhone.Build.0 = Debug|iPhone
		{7D4B201B-CC29-4C9F-9F15-AA185D1D4AA8}.Debug|iPhone.Deploy.0 = Debug|iPhone
		{7D4B201B-CC29-4C9F-9F15-AA185D1D4AA8}.Debug|iPhoneSimulator.ActiveCfg = Debug|iPhoneSimulator
		{7D4B201B-CC29-4C9F-9F15-AA185D1D4AA8}.Debug|iPhoneSimulator.Build.0 = Debug|iPhoneSimulator
		{7D4B201B-CC29-4C9F-9F15-AA185D1D4AA8}.Debug|iPhoneSimulator.Deploy.0 = Debug|iPhoneSimulator
		{7D4B201B-CC29-4C9F-9F15-AA185D1D4AA8}.Release|Any CPU.ActiveCfg = Release|iPhone
		{7D4B201B-CC29-4C9F-9F15-AA185D1D4AA8}.Release|Any CPU.Build.0 = Release|iPhone
		{7D4B201B-CC29-4C9F-9F15-AA185D1D4AA8}.Release|Any CPU.Deploy.0 = Release|iPhone
		{7D4B201B-CC29-4C9F-9F15-AA185D1D4AA8}.Release|iPhone.ActiveCfg = Release|iPhone
		{7D4B201B-CC29-4C9F-9F15-AA185D1D4AA8}.Release|iPhone.Build.0 = Release|iPhone
		{7D4B201B-CC29-4C9F-9F15-AA185D1D4AA8}.Release|iPhone.Deploy.0 = Release|iPhone
		{7D4B201B-CC29-4C9F-9F15-AA185D1D4AA8}.Release|iPhoneSimulator.ActiveCfg = Release|iPhoneSimulator
		{7D4B201B-CC29-4C9F-9F15-AA185D1D4AA8}.Release|iPhoneSimulator.Build.0 = Release|iPhoneSimulator
		{7D4B201B-CC29-4C9F-9F15-AA185D1D4AA8}.Release|iPhoneSimulator.Deploy.0 = Release|iPhoneSimulator
		{EFA031BA-E1AB-4589-9B56-40B4DB2A8E21}.Debug|Any CPU.ActiveCfg = Debug|Any CPU
		{EFA031BA-E1AB-4589-9B56-40B4DB2A8E21}.Debug|Any CPU.Build.0 = Debug|Any CPU
		{EFA031BA-E1AB-4589-9B56-40B4DB2A8E21}.Debug|Any CPU.Deploy.0 = Debug|Any CPU
		{EFA031BA-E1AB-4589-9B56-40B4DB2A8E21}.Debug|iPhone.ActiveCfg = Debug|Any CPU
		{EFA031BA-E1AB-4589-9B56-40B4DB2A8E21}.Debug|iPhone.Build.0 = Debug|Any CPU
		{EFA031BA-E1AB-4589-9B56-40B4DB2A8E21}.Debug|iPhone.Deploy.0 = Debug|Any CPU
		{EFA031BA-E1AB-4589-9B56-40B4DB2A8E21}.Debug|iPhoneSimulator.ActiveCfg = Debug|Any CPU
		{EFA031BA-E1AB-4589-9B56-40B4DB2A8E21}.Debug|iPhoneSimulator.Build.0 = Debug|Any CPU
		{EFA031BA-E1AB-4589-9B56-40B4DB2A8E21}.Debug|iPhoneSimulator.Deploy.0 = Debug|Any CPU
		{EFA031BA-E1AB-4589-9B56-40B4DB2A8E21}.Release|Any CPU.ActiveCfg = Release|Any CPU
		{EFA031BA-E1AB-4589-9B56-40B4DB2A8E21}.Release|Any CPU.Build.0 = Release|Any CPU
		{EFA031BA-E1AB-4589-9B56-40B4DB2A8E21}.Release|Any CPU.Deploy.0 = Release|Any CPU
		{EFA031BA-E1AB-4589-9B56-40B4DB2A8E21}.Release|iPhone.ActiveCfg = Release|Any CPU
		{EFA031BA-E1AB-4589-9B56-40B4DB2A8E21}.Release|iPhone.Build.0 = Release|Any CPU
		{EFA031BA-E1AB-4589-9B56-40B4DB2A8E21}.Release|iPhone.Deploy.0 = Release|Any CPU
		{EFA031BA-E1AB-4589-9B56-40B4DB2A8E21}.Release|iPhoneSimulator.ActiveCfg = Release|Any CPU
		{EFA031BA-E1AB-4589-9B56-40B4DB2A8E21}.Release|iPhoneSimulator.Build.0 = Release|Any CPU
		{EFA031BA-E1AB-4589-9B56-40B4DB2A8E21}.Release|iPhoneSimulator.Deploy.0 = Release|Any CPU
	EndGlobalSection
	GlobalSection(SolutionProperties) = preSolution
		HideSolutionNode = FALSE
	EndGlobalSection
	GlobalSection(ExtensibilityGlobals) = postSolution
		SolutionGuid = {624D5EAC-6CDF-4599-82B4-7BC8BB2209D1}
	EndGlobalSection
EndGlobal
